Microsoft Visual Studio Solution File, Format Version 12.00
# Visual Studio Version 17
VisualStudioVersion = 17.5.2.0
MinimumVisualStudioVersion = 10.0.40219.1
Project("{FAE04EC0-301F-11D3-BF4B-00C04F79EFBC}") = "Baodian.AI.SemanticKernel", "Baodian.AI.SemanticKernel.csproj", "{EE8000C4-0932-33F9-D8E5-A9DFCBA2C646}"
EndProject
Global
	GlobalSection(SolutionConfigurationPlatforms) = preSolution
		Debug|Any CPU = Debug|Any CPU
		Release|Any CPU = Release|Any CPU
	EndGlobalSection
	GlobalSection(ProjectConfigurationPlatforms) = postSolution
		{EE8000C4-0932-33F9-D8E5-A9DFCBA2C646}.Debug|Any CPU.ActiveCfg = Debug|Any CPU
		{EE8000C4-0932-33F9-D8E5-A9DFCBA2C646}.Debug|Any CPU.Build.0 = Debug|Any CPU
		{EE8000C4-0932-33F9-D8E5-A9DFCBA2C646}.Release|Any CPU.ActiveCfg = Release|Any CPU
		{EE8000C4-0932-33F9-D8E5-A9DFCBA2C646}.Release|Any CPU.Build.0 = Release|Any CPU
	EndGlobalSection
	GlobalSection(SolutionProperties) = preSolution
		HideSolutionNode = FALSE
	EndGlobalSection
	GlobalSection(ExtensibilityGlobals) = postSolution
		SolutionGuid = {225191A3-A688-4759-BFCE-EF9EB6A1F00B}
	EndGlobalSection
EndGlobal
